
Microsoft Visual Studio Solution File, Format Version 12.00
# Visual Studio Version 16
VisualStudioVersion = 16.0.31005.135
MinimumVisualStudioVersion = 10.0.40219.1
Project("{FAE04EC0-301F-11D3-BF4B-00C04F79EFBC}") = "SmallAutomaterWFA", "SmallAutomaterWFA\SmallAutomaterWFA.csproj", "{30A8BAD4-7D8C-4F8B-A9D1-459166A9704F}"
EndProject
Global
	GlobalSection(SolutionConfigurationPlatforms) = preSolution
		Debug|Any CPU = Debug|Any CPU
		Release|Any CPU = Release|Any CPU
	EndGlobalSection
	GlobalSection(ProjectConfigurationPlatforms) = postSolution
		{30A8BAD4-7D8C-4F8B-A9D1-459166A9704F}.Debug|Any CPU.ActiveCfg = Debug|Any CPU
		{30A8BAD4-7D8C-4F8B-A9D1-459166A9704F}.Debug|Any CPU.Build.0 = Debug|Any CPU
		{30A8BAD4-7D8C-4F8B-A9D1-459166A9704F}.Release|Any CPU.ActiveCfg = Release|Any CPU
		{30A8BAD4-7D8C-4F8B-A9D1-459166A9704F}.Release|Any CPU.Build.0 = Release|Any CPU
	EndGlobalSection
	GlobalSection(SolutionProperties) = preSolution
		HideSolutionNode = FALSE
	EndGlobalSection
	GlobalSection(ExtensibilityGlobals) = postSolution
		SolutionGuid = {9ACAFBFD-333C-46E5-ACE4-519699DEDC60}
	EndGlobalSection
EndGlobal
